<Solution>
  <Project Path="CatalogoPOP.API/CatalogoPOP.API.csproj" />
  <Project Path="CatalogoPOP.Application/CatalogoPOP.Application.csproj" />
  <Project Path="CatalogoPOP.Domain/CatalogoPOP.Domain.csproj" />
  <Project Path="CatalogoPOP.Infrastructure/CatalogoPOP.Infrastructure.csproj" />
</Solution>
